
Microsoft Visual Studio Solution File, Format Version 12.00
# Visual Studio 14
VisualStudioVersion = 14.0.25123.0
MinimumVisualStudioVersion = 10.0.40219.1
Project("{FAE04EC0-301F-11D3-BF4B-00C04F79EFBC}") = "Serilog.Sinks.Graylog", "Serilog.Sinks.Graylog\Serilog.Sinks.Graylog.csproj", "{3466C882-D569-4CA5-8DB6-0EA53C5A5C57}"
EndProject
Project("{FAE04EC0-301F-11D3-BF4B-00C04F79EFBC}") = "Serilog.Sinks.Graylog.Tests", "Serilog.Sinks.Graylog.Tests\Serilog.Sinks.Graylog.Tests.csproj", "{A9CDC619-85D0-4605-A73A-CDAECF52014E}"
EndProject
Global
	GlobalSection(SolutionConfigurationPlatforms) = preSolution
		Debug|Any CPU = Debug|Any CPU
		Release|Any CPU = Release|Any CPU
	EndGlobalSection
	GlobalSection(ProjectConfigurationPlatforms) = postSolution
		{3466C882-D569-4CA5-8DB6-0EA53C5A5C57}.Debug|Any CPU.ActiveCfg = Debug|Any CPU
		{3466C882-D569-4CA5-8DB6-0EA53C5A5C57}.Debug|Any CPU.Build.0 = Debug|Any CPU
		{3466C882-D569-4CA5-8DB6-0EA53C5A5C57}.Release|Any CPU.ActiveCfg = Release|Any CPU
		{3466C882-D569-4CA5-8DB6-0EA53C5A5C57}.Release|Any CPU.Build.0 = Release|Any CPU
		{A9CDC619-85D0-4605-A73A-CDAECF52014E}.Debug|Any CPU.ActiveCfg = Debug|Any CPU
		{A9CDC619-85D0-4605-A73A-CDAECF52014E}.Debug|Any CPU.Build.0 = Debug|Any CPU
		{A9CDC619-85D0-4605-A73A-CDAECF52014E}.Release|Any CPU.ActiveCfg = Release|Any CPU
		{A9CDC619-85D0-4605-A73A-CDAECF52014E}.Release|Any CPU.Build.0 = Release|Any CPU
	EndGlobalSection
	GlobalSection(SolutionProperties) = preSolution
		HideSolutionNode = FALSE
	EndGlobalSection
EndGlobal
